
Microsoft Visual Studio Solution File, Format Version 12.00
# Visual Studio Version 17
VisualStudioVersion = 17.1.32210.238
MinimumVisualStudioVersion = 10.0.40219.1
Project("{FAE04EC0-301F-11D3-BF4B-00C04F79EFBC}") = "WinFormsApp1", "WinFormsApp1\WinFormsApp1.csproj", "{1684E00D-5FEC-4001-A31A-5E7862F0E7BD}"
EndProject
Global
	GlobalSection(SolutionConfigurationPlatforms) = preSolution
		Debug|Any CPU = Debug|Any CPU
		Release|Any CPU = Release|Any CPU
	EndGlobalSection
	GlobalSection(ProjectConfigurationPlatforms) = postSolution
		{1684E00D-5FEC-4001-A31A-5E7862F0E7BD}.Debug|Any CPU.ActiveCfg = Debug|Any CPU
		{1684E00D-5FEC-4001-A31A-5E7862F0E7BD}.Debug|Any CPU.Build.0 = Debug|Any CPU
		{1684E00D-5FEC-4001-A31A-5E7862F0E7BD}.Release|Any CPU.ActiveCfg = Release|Any CPU
		{1684E00D-5FEC-4001-A31A-5E7862F0E7BD}.Release|Any CPU.Build.0 = Release|Any CPU
	EndGlobalSection
	GlobalSection(SolutionProperties) = preSolution
		HideSolutionNode = FALSE
	EndGlobalSection
	GlobalSection(ExtensibilityGlobals) = postSolution
		SolutionGuid = {5CE94470-2681-4435-8B1F-A6283332A59F}
	EndGlobalSection
EndGlobal
